
Microsoft Visual Studio Solution File, Format Version 12.00
# Visual Studio 15
VisualStudioVersion = 15.0.28307.421
MinimumVisualStudioVersion = 10.0.40219.1
Project("{FAE04EC0-301F-11D3-BF4B-00C04F79EFBC}") = "CodeFirstWithEntity", "CodeFirstWithEntity\CodeFirstWithEntity.csproj", "{C8F7B35A-BE59-4A2C-9995-11DB4A03BC9A}"
EndProject
Global
	GlobalSection(SolutionConfigurationPlatforms) = preSolution
		Debug|Any CPU = Debug|Any CPU
		Release|Any CPU = Release|Any CPU
	EndGlobalSection
	GlobalSection(ProjectConfigurationPlatforms) = postSolution
		{C8F7B35A-BE59-4A2C-9995-11DB4A03BC9A}.Debug|Any CPU.ActiveCfg = Debug|Any CPU
		{C8F7B35A-BE59-4A2C-9995-11DB4A03BC9A}.Debug|Any CPU.Build.0 = Debug|Any CPU
		{C8F7B35A-BE59-4A2C-9995-11DB4A03BC9A}.Release|Any CPU.ActiveCfg = Release|Any CPU
		{C8F7B35A-BE59-4A2C-9995-11DB4A03BC9A}.Release|Any CPU.Build.0 = Release|Any CPU
	EndGlobalSection
	GlobalSection(SolutionProperties) = preSolution
		HideSolutionNode = FALSE
	EndGlobalSection
	GlobalSection(ExtensibilityGlobals) = postSolution
		SolutionGuid = {FD51F612-5224-45DF-8791-79D487574BC6}
	EndGlobalSection
EndGlobal
